# THIS IS AN AUTOGENERATED FILE. DO NOT EDIT THIS FILE DIRECTLY.
# yarn lockfile v1


"@types/body-parser@^1.16.3":
  version "1.16.3"
  resolved "http://nexus.app.iaf:8081/nexus/repository/onpm/@types/body-parser/-/body-parser-1.16.3.tgz#3cb6880d56a60ccd213c7740d49ca83c27b0c187"
  dependencies:
    "@types/express" "*"
    "@types/node" "*"

"@types/cors@^2.8.1":
  version "2.8.1"
  resolved "http://nexus.app.iaf:8081/nexus/repository/onpm/@types/cors/-/cors-2.8.1.tgz#3998bc147fab7a7d3f9309c59f57884c29b3b8fb"
  dependencies:
    "@types/express" "*"

"@types/express-serve-static-core@*":
  version "4.0.50"
  resolved "http://nexus.app.iaf:8081/nexus/repository/onpm/@types/express-serve-static-core/-/express-serve-static-core-4.0.50.tgz#9ae054e88a95971a6e0cd3fe48aed3a8e2d3e751"
  dependencies:
    "@types/node" "*"

"@types/express@*", "@types/express@^4.0.35":
  version "4.0.37"
  resolved "http://nexus.app.iaf:8081/nexus/repository/onpm/@types/express/-/express-4.0.37.tgz#19cef0b8ebe2ea995787b45804c5149bb8146dfa"
  dependencies:
    "@types/express-serve-static-core" "*"
    "@types/serve-static" "*"

"@types/form-data@*":
  version "0.0.33"
  resolved "http://nexus.app.iaf:8081/nexus/repository/onpm/@types/form-data/-/form-data-0.0.33.tgz#532bd0821681878b5fe0a683a5717840c1698737"
  dependencies:
    "@types/node" "*"

"@types/mime@*":
  version "1.3.1"
  resolved "http://nexus.app.iaf:8081/nexus/repository/onpm/@types/mime/-/mime-1.3.1.tgz#d71d2a3c7ae25cfc9f3a4b278c69391feb3e4a32"

"@types/node@*":
  version "6.0.92"
  resolved "http://nexus.app.iaf:8081/nexus/repository/onpm/@types/node/-/node-6.0.92.tgz#93ea65b3a6b4e93b0d6acfabd22419129f09c930"

"@types/node@^7.0.14":
  version "7.0.39"
  resolved "http://nexus.app.iaf:8081/nexus/repository/onpm/@types/node/-/node-7.0.39.tgz#197bb74ec1c5866aaa3590dc556ffdf1ac2f168e"

"@types/request@^0.0.44":
  version "0.0.44"
  resolved "http://nexus.app.iaf:8081/nexus/repository/onpm/@types/request/-/request-0.0.44.tgz#3a530bfde258fe6683a819b283d051b168e5b3a7"
  dependencies:
    "@types/form-data" "*"
    "@types/node" "*"

"@types/serve-static@*":
  version "1.7.32"
  resolved "http://nexus.app.iaf:8081/nexus/repository/onpm/@types/serve-static/-/serve-static-1.7.32.tgz#a9b41deea9583884e0575150407b667f1f8a6bfa"
  dependencies:
    "@types/express-serve-static-core" "*"
    "@types/mime" "*"

accepts@~1.3.4:
  version "1.3.4"
  resolved "http://nexus.app.iaf:8081/nexus/repository/onpm/accepts/-/accepts-1.3.4.tgz#248cd0123c54c6ce034f207f314b872553004217"
  dependencies:
    mime-types "~2.1.16"
    negotiator "0.6.1"

ajv@^5.1.0:
  version "5.5.0"
  resolved "http://nexus.app.iaf:8081/nexus/repository/onpm/ajv/-/ajv-5.5.0.tgz#4dce0a2f34839b03d2b8aa8b4f6d89b6e5bf3c1a"
  dependencies:
    co "^4.6.0"
    fast-deep-equal "^1.0.0"
    fast-json-stable-stringify "^2.0.0"
    json-schema-traverse "^0.3.0"

array-flatten@1.1.1:
  version "1.1.1"
  resolved "http://nexus.app.iaf:8081/nexus/repository/onpm/array-flatten/-/array-flatten-1.1.1.tgz#82c32e1ef6375472bdb292aafb72e640de984b8a"

asn1@~0.2.3:
  version "0.2.3"
  resolved "http://nexus.app.iaf:8081/nexus/repository/onpm/asn1/-/asn1-0.2.3.tgz#afffc555795750f7efa560aeed2b125ddc110aac"

assert-plus@1.0.0, assert-plus@^1.0.0:
  version "1.0.0"
  resolved "http://nexus.app.iaf:8081/nexus/repository/onpm/assert-plus/-/assert-plus-1.0.0.tgz#b6b24a461b24cf27a7c70326151396b2a4eb764a"

asynckit@^0.4.0:
  version "0.4.0"
  resolved "http://nexus.app.iaf:8081/nexus/repository/onpm/asynckit/-/asynckit-0.4.0.tgz#ffed6cbae53e0d18446e8af864220c4fd93aacd9"

aws-sign2@~0.7.0:
  version "0.7.0"
  resolved "http://nexus.app.iaf:8081/nexus/repository/onpm/aws-sign2/-/aws-sign2-0.7.0.tgz#8d57d65c332fbdbb30b02852300c869efdb7366f"

aws4@^1.6.0:
  version "1.6.0"
  resolved "http://nexus.app.iaf:8081/nexus/repository/onpm/aws4/-/aws4-1.6.0.tgz#468408aff2414592539808491db7f697fb21d070"

bcrypt-pbkdf@^1.0.0:
  version "1.0.1"
  resolved "http://nexus.app.iaf:8081/nexus/repository/onpm/bcrypt-pbkdf/-/bcrypt-pbkdf-1.0.1.tgz#249dcccedac0bc0e6f79608447211fb138d8a5a9"
  dependencies:
    tweetnacl "^0.14.3"

body-parser@1.18.2, body-parser@^1.17.1:
  version "1.18.2"
  resolved "http://nexus.app.iaf:8081/nexus/repository/onpm/body-parser/-/body-parser-1.18.2.tgz#ede1ea68d87112c9ebc26a7bbc776541bcace19c"
  dependencies:
    bytes "3.0.0"
    content-type "~1.0.4"
    debug "2.6.9"
    depd "~1.1.1"
    http-errors "~1.6.2"
    iconv-lite "0.4.19"
    on-finished "~2.3.0"
    qs "6.5.1"
    raw-body "2.3.2"
    type-is "~1.6.15"

boom@4.x.x:
  version "4.3.1"
  resolved "http://nexus.app.iaf:8081/nexus/repository/onpm/boom/-/boom-4.3.1.tgz#3abf2f01f936aa9df7bc87e0e7346a299b313a78"
  dependencies:
    hoek "4.x.x"

boom@5.x.x:
  version "5.2.0"
  resolved "http://nexus.app.iaf:8081/nexus/repository/onpm/boom/-/boom-5.2.0.tgz#dd6ead537479a518c140d0bdb64fa4b8c8a09202"
  dependencies:
    hoek "4.x.x"

bytes@3.0.0:
  version "3.0.0"
  resolved "http://nexus.app.iaf:8081/nexus/repository/onpm/bytes/-/bytes-3.0.0.tgz#0a4f132a6846d599b63bec43ea0aeb0b1f45ac60"

caseless@~0.12.0:
  version "0.12.0"
  resolved "http://nexus.app.iaf:8081/nexus/repository/onpm/caseless/-/caseless-0.12.0.tgz#c5207f49fb0b00e835b9d4f040388abac974fbb3"

co@^4.6.0:
  version "4.6.0"
  resolved "http://nexus.app.iaf:8081/nexus/repository/onpm/co/-/co-4.6.0.tgz#c61a70d231fcfdb70efa205c03e3c841d4722ca6"

combined-stream@^1.0.5, combined-stream@~1.0.5:
  version "1.0.5"
  resolved "http://nexus.app.iaf:8081/nexus/repository/onpm/combined-stream/-/combined-stream-1.0.5.tgz#eae1914f2dabc7b0ee0d24c69b6c82557534ed4c"
  dependencies:
    delayed-stream "~1.0.0"

content-disposition@0.5.2:
  version "0.5.2"
  resolved "http://nexus.app.iaf:8081/nexus/repository/onpm/content-disposition/-/content-disposition-0.5.2.tgz#640b160793fafead8a76984323dae31e6c5709eb"

content-type@~1.0.4:
  version "1.0.4"
  resolved "http://nexus.app.iaf:8081/nexus/repository/onpm/content-type/-/content-type-1.0.4.tgz#035c047b99f39e366e668aa5b7528028f01d722e"

cookie-signature@1.0.6:
  version "1.0.6"
  resolved "http://nexus.app.iaf:8081/nexus/repository/onpm/cookie-signature/-/cookie-signature-1.0.6.tgz#1a16d882668c069347090a4647d9c7eac18fa663"

cookie@0.3.1:
  version "0.3.1"
  resolved "http://nexus.app.iaf:8081/nexus/repository/onpm/cookie/-/cookie-0.3.1.tgz#56ec620210b150ec6e94e36a345dd6e7748edbff"

core-util-is@1.0.2:
  version "1.0.2"
  resolved "http://nexus.app.iaf:8081/nexus/repository/onpm/core-util-is/-/core-util-is-1.0.2.tgz#1787d1eeede5bdcbd419dd62566b252e38d52662"

cors@^2.8.3:
  version "2.8.4"
  resolved "http://nexus.app.iaf:8081/nexus/repository/onpm/cors/-/cors-2.8.4.tgz#e0cc7cc855b7b14ffb7e040b1e24e8a374f1e879"
  dependencies:
    object-assign "^4"
    vary "^1"

cryptiles@3.x.x:
  version "3.1.2"
  resolved "http://nexus.app.iaf:8081/nexus/repository/onpm/cryptiles/-/cryptiles-3.1.2.tgz#746de59a488140d87d80dc040961be687235467a"
  dependencies:
    boom "5.x.x"

dashdash@^1.12.0:
  version "1.14.1"
  resolved "http://nexus.app.iaf:8081/nexus/repository/onpm/dashdash/-/dashdash-1.14.1.tgz#3f6cecfcc783aade81fb0ee623c5a4ca2983c4dc"
  dependencies:
    assert-plus "^1.0.0"

debug@2.6.9:
  version "2.6.9"
  resolved "http://nexus.app.iaf:8081/nexus/repository/onpm/debug/-/debug-2.6.9.tgz#256b39fa726f293292cc35a5792131867c092187"
  dependencies:
    ms "2.0.0"

delayed-stream@~1.0.0:
  version "1.0.0"
  resolved "http://nexus.app.iaf:8081/nexus/repository/onpm/delayed-stream/-/delayed-stream-1.0.0.tgz#90db9708891627a6bb51bcc1792cb1cd3ea1428f"

depd@1.1.1, depd@~1.1.1:
  version "1.1.1"
  resolved "http://nexus.app.iaf:8081/nexus/repository/onpm/depd/-/depd-1.1.1.tgz#9c96ab46ab6398811bf32d2ebb2df3bf04319758"

destroy@~1.0.4:
  version "1.0.4"
  resolved "http://nexus.app.iaf:8081/nexus/repository/onpm/destroy/-/destroy-1.0.4.tgz#9d3b48e6caaadaf807805de6e4a063136cf1c3ce"

ecc-jsbn@~0.1.1:
  version "0.1.1"
  resolved "http://nexus.app.iaf:8081/nexus/repository/onpm/ecc-jsbn/-/ecc-jsbn-0.1.1.tgz#4e97cb58392c004ed5ef4f253719f96c7b28d12f"
  dependencies:
    jsbn "~0.1.0"

ee-first@1.1.1:
  version "1.1.1"
  resolved "http://nexus.app.iaf:8081/nexus/repository/onpm/ee-first/-/ee-first-1.1.1.tgz#2bc4c652d76d880e771bcf75416b3bc8a33a4b5f"

encodeurl@~1.0.1:
  version "1.0.1"
  resolved "http://nexus.app.iaf:8081/nexus/repository/onpm/encodeurl/-/encodeurl-1.0.1.tgz#385a2ebe532b15046a53afcf96c9a936e01dc840"

encoding@^0.1.11:
  version "0.1.12"
  resolved "http://nexus.app.iaf:8081/nexus/repository/onpm/encoding/-/encoding-0.1.12.tgz#aafd874f548d86336bd11dc0bed77065a697cd32"
  dependencies:
    iconv-lite "~0.4.13"

escape-html@~1.0.3:
  version "1.0.3"
  resolved "http://nexus.app.iaf:8081/nexus/repository/onpm/escape-html/-/escape-html-1.0.3.tgz#6269c67106a5c3ff7f8cac7e4b9342c60f63bb50"

etag@~1.8.1:
  version "1.8.1"
  resolved "http://nexus.app.iaf:8081/nexus/repository/onpm/etag/-/etag-1.8.1.tgz#1e2dff3918bf2c3cf6d6a6dccc8c2ec6bbc23b11"

express@^4.15.2:
  version "4.16.1"
  resolved "http://nexus.app.iaf:8081/nexus/repository/onpm/express/-/express-4.16.1.tgz#fa0ac772869c43938698bc19808e6301557d29fc"
  dependencies:
    accepts "~1.3.4"
    array-flatten "1.1.1"
    body-parser "1.18.2"
    content-disposition "0.5.2"
    content-type "~1.0.4"
    cookie "0.3.1"
    cookie-signature "1.0.6"
    debug "2.6.9"
    depd "~1.1.1"
    encodeurl "~1.0.1"
    escape-html "~1.0.3"
    etag "~1.8.1"
    finalhandler "1.1.0"
    fresh "0.5.2"
    merge-descriptors "1.0.1"
    methods "~1.1.2"
    on-finished "~2.3.0"
    parseurl "~1.3.2"
    path-to-regexp "0.1.7"
    proxy-addr "~2.0.2"
    qs "6.5.1"
    range-parser "~1.2.0"
    safe-buffer "5.1.1"
    send "0.16.1"
    serve-static "1.13.1"
    setprototypeof "1.1.0"
    statuses "~1.3.1"
    type-is "~1.6.15"
    utils-merge "1.0.1"
    vary "~1.1.2"

extend@~3.0.1:
  version "3.0.1"
  resolved "http://nexus.app.iaf:8081/nexus/repository/onpm/extend/-/extend-3.0.1.tgz#88fc55b9e30349709cd678243154b7670b52c665"

extsprintf@1.3.0, extsprintf@^1.2.0:
  version "1.3.0"
  resolved "http://nexus.app.iaf:8081/nexus/repository/onpm/extsprintf/-/extsprintf-1.3.0.tgz#9c92e541a25299ac292410a838f870219fd84a64"

fast-deep-equal@^1.0.0:
  version "1.0.0"
  resolved "http://nexus.app.iaf:8081/nexus/repository/onpm/fast-deep-equal/-/fast-deep-equal-1.0.0.tgz#28f92c308ab20a19a976379f3c01a7f305beab13"

fast-json-stable-stringify@^2.0.0:
  version "2.0.0"
  resolved "http://nexus.app.iaf:8081/nexus/repository/onpm/fast-json-stable-stringify/-/fast-json-stable-stringify-2.0.0.tgz#43e0b41a27945aa41f6af764128feb2881b054dc"

finalhandler@1.1.0:
  version "1.1.0"
  resolved "http://nexus.app.iaf:8081/nexus/repository/onpm/finalhandler/-/finalhandler-1.1.0.tgz#80c924e4b57a08a1957b03ce720037d3f821fbc8"
  dependencies:
    debug "2.6.9"
    encodeurl "~1.0.1"
    escape-html "~1.0.3"
    on-finished "~2.3.0"
    parseurl "~1.3.2"
    statuses "~1.3.1"
    unpipe "~1.0.0"

forever-agent@~0.6.1:
  version "0.6.1"
  resolved "http://nexus.app.iaf:8081/nexus/repository/onpm/forever-agent/-/forever-agent-0.6.1.tgz#991400e4a9a8281c06f759735aa14a606df47b0a"

form-data@~2.3.1:
  version "2.3.1"
  resolved "http://nexus.app.iaf:8081/nexus/repository/onpm/form-data/-/form-data-2.3.1.tgz#f3164b2fe38adc878831d13073f5c8ddee0144c0"
  dependencies:
    asynckit "^0.4.0"
    combined-stream "^1.0.5"
    mime-types "^2.1.12"

forwarded@~0.1.2:
  version "0.1.2"
  resolved "http://nexus.app.iaf:8081/nexus/repository/onpm/forwarded/-/forwarded-0.1.2.tgz#646109c2ba43593c9e90e8464ad0147b038d8263"

fresh@0.5.2:
  version "0.5.2"
  resolved "http://nexus.app.iaf:8081/nexus/repository/onpm/fresh/-/fresh-0.5.2.tgz#70423c0d82e0fb3dfa86137ad8adf9e6395f51eb"

getpass@^0.1.1:
  version "0.1.7"
  resolved "http://nexus.app.iaf:8081/nexus/repository/onpm/getpass/-/getpass-0.1.7.tgz#97c69eb7be35d8aa321bc3bd4d1182e5196dd9c8"
  dependencies:
    assert-plus "^1.0.0"

har-schema@^2.0.0:
  version "2.0.0"
  resolved "http://nexus.app.iaf:8081/nexus/repository/onpm/har-schema/-/har-schema-2.0.0.tgz#8e4d87ca49f5c170d96afae35545ab43d33fc013"

har-validator@~5.0.3:
  version "5.0.3"
  resolved "http://nexus.app.iaf:8081/nexus/repository/onpm/har-validator/-/har-validator-5.0.3.tgz#1da062f53899509466062b1783d4aa343bd49e6c"
  dependencies:
    ajv "^5.1.0"
    har-schema "^2.0.0"

hawk@~6.0.2:
  version "6.0.2"
  resolved "http://nexus.app.iaf:8081/nexus/repository/onpm/hawk/-/hawk-6.0.2.tgz#0faf5044a9ab79e4ad489c808e390754eb938196"
  dependencies:
    boom "4.x.x"
    cryptiles "3.x.x"
    hoek "4.x.x"
    sntp "2.x.x"

hoek@4.x.x:
  version "4.2.0"
  resolved "http://nexus.app.iaf:8081/nexus/repository/onpm/hoek/-/hoek-4.2.0.tgz#407adc58f37ebf099b2564a17d6d74ac605c82e5"

http-errors@1.6.2, http-errors@~1.6.2:
  version "1.6.2"
  resolved "http://nexus.app.iaf:8081/nexus/repository/onpm/http-errors/-/http-errors-1.6.2.tgz#e7433e656e65d8b38109a48728660c0d1d69cdfb"
  dependencies:
    depd "1.1.1"
    inherits "2.0.3"
    setprototypeof "1.0.3"
    statuses ">= 1.3.1 < 2"

http-signature@~1.2.0:
  version "1.2.0"
  resolved "http://nexus.app.iaf:8081/nexus/repository/onpm/http-signature/-/http-signature-1.2.0.tgz#877767f895f186aa709079ed3aee06f6c7887174"
  dependencies:
    assert-plus "^1.0.0"
    jsprim "^1.2.2"
    sshpk "^1.7.0"

iconv-lite@0.4.19, iconv-lite@~0.4.13:
  version "0.4.19"
  resolved "http://nexus.app.iaf:8081/nexus/repository/onpm/iconv-lite/-/iconv-lite-0.4.19.tgz#9fb8586619c78fd2900329ab235dbd974343b911"

inherits@2.0.3:
  version "2.0.3"
  resolved "http://nexus.app.iaf:8081/nexus/repository/onpm/inherits/-/inherits-2.0.3.tgz#3dc15cc64588e8bea7b86ab55e2b478134c04b6b"

ipaddr.js@1.5.2:
  version "1.5.2"
  resolved "http://nexus.app.iaf:8081/nexus/repository/onpm/ipaddr.js/-/ipaddr.js-1.5.2.tgz#cfdddeecc00e904070b1797504833aaf489065ea"

is-stream@^1.0.1:
  version "1.1.0"
  resolved "http://nexus.app.iaf:8081/nexus/repository/onpm/is-stream/-/is-stream-1.1.0.tgz#45fcf9821213a279b1e084dc272e8b39d501e9ac"

is-typedarray@~1.0.0:
  version "1.0.0"
  resolved "http://nexus.app.iaf:8081/nexus/repository/onpm/is-typedarray/-/is-typedarray-1.0.0.tgz#f67c9a605b7b3fbc610a86fb0961a9bc74aff5a2"

isstream@~0.1.2:
  version "0.1.2"
  resolved "http://nexus.app.iaf:8081/nexus/repository/onpm/isstream/-/isstream-0.1.2.tgz#eccaf2a370f8bd55be802739b273d8cbbfe4fd6c"

jsbn@~0.1.0:
  version "0.1.1"
  resolved "http://nexus.app.iaf:8081/nexus/repository/onpm/jsbn/-/jsbn-0.1.1.tgz#715494258a3b519804bab0dbaf5172c7bcdc2904"

json-schema-traverse@^0.3.0:
  version "0.3.1"
  resolved "http://nexus.app.iaf:8081/nexus/repository/onpm/json-schema-traverse/-/json-schema-traverse-0.3.1.tgz#3c041e32a8b27ce2bab991e5e8f226738373a7e2"

json-schema@0.2.3:
  version "0.2.3"
  resolved "http://nexus.app.iaf:8081/nexus/repository/onpm/json-schema/-/json-schema-0.2.3.tgz#a33d455961d8dc6e93de99960190ff224cc959b6"

json-stringify-safe@~5.0.1:
  version "5.0.1"
  resolved "http://nexus.app.iaf:8081/nexus/repository/onpm/json-stringify-safe/-/json-stringify-safe-5.0.1.tgz#2878889a3a054a8139d8d5b5ceb75b70afe5a502"

jsprim@^1.2.2:
  version "1.4.1"
  resolved "http://nexus.app.iaf:8081/nexus/repository/onpm/jsprim/-/jsprim-1.4.1.tgz#e399511705ec235551a73372942ada2e4e2eda97"
  dependencies:
    assert-plus "1.0.0"
    extsprintf "1.3.0"
    json-schema "0.2.3"
    verror "1.10.0"

media-typer@0.3.0:
  version "0.3.0"
  resolved "http://nexus.app.iaf:8081/nexus/repository/onpm/media-typer/-/media-typer-0.3.0.tgz#2be3ac4b476f14f6cb047feb34a4f980652e3200"

merge-descriptors@1.0.1:
  version "1.0.1"
  resolved "http://nexus.app.iaf:8081/nexus/repository/onpm/merge-descriptors/-/merge-descriptors-1.0.1.tgz#dcf43a2c6951764b5ec30ed109767f94f1ec6ac2"

methods@~1.1.2:
  version "1.1.2"
  resolved "http://nexus.app.iaf:8081/nexus/repository/onpm/methods/-/methods-1.1.2.tgz#a7b60128a6f07aff3c354cf7d5631836838ab484"

mime-db@~1.30.0:
  version "1.30.0"
  resolved "http://nexus.app.iaf:8081/nexus/repository/onpm/mime-db/-/mime-db-1.30.0.tgz#d3d1918d225070fa95aa3e1b851685becd3e3dbd"

mime-types@^2.1.12, mime-types@~2.1.15, mime-types@~2.1.16, mime-types@~2.1.17:
  version "2.1.17"
  resolved "http://nexus.app.iaf:8081/nexus/repository/onpm/mime-types/-/mime-types-2.1.17.tgz#baa11c33ace5d64c781c180b1e0ef4004d7090f7"
  dependencies:
    mime-db "~1.30.0"

mime@1.4.1:
  version "1.4.1"
  resolved "http://nexus.app.iaf:8081/nexus/repository/onpm/mime/-/mime-1.4.1.tgz#98dcb092c4423b4a3654ec83ce8990e8899d6035"

ms@2.0.0:
  version "2.0.0"
  resolved "http://nexus.app.iaf:8081/nexus/repository/onpm/ms/-/ms-2.0.0.tgz#30b19e6acafdff89d74afe5cc26d4370306a9ad1"

negotiator@0.6.1:
  version "0.6.1"
  resolved "http://nexus.app.iaf:8081/nexus/repository/onpm/negotiator/-/negotiator-0.6.1.tgz#de3a18274c1952f85f67dc5ddad0b0538efd4bd5"

node-fetch@^1.6.3:
  version "1.7.3"
  resolved "http://nexus.app.iaf:8081/nexus/repository/onpm/node-fetch/-/node-fetch-1.7.3.tgz#9e959baceddce806262aca851169ac17656484d5"
  dependencies:
    encoding "^0.1.11"
    is-stream "^1.0.1"

oauth-sign@~0.8.2:
  version "0.8.2"
  resolved "http://nexus.app.iaf:8081/nexus/repository/onpm/oauth-sign/-/oauth-sign-0.8.2.tgz#5ef4a2e802716f8cda4813154756e3e3c741d842"

object-assign@^4:
  version "4.1.1"
  resolved "http://nexus.app.iaf:8081/nexus/repository/onpm/object-assign/-/object-assign-4.1.1.tgz#e79e70d6ebe38d8bed8adf8aba2fdecbb8850f14"

on-finished@~2.3.0:
  version "2.3.0"
  resolved "http://nexus.app.iaf:8081/nexus/repository/onpm/on-finished/-/on-finished-2.3.0.tgz#6d4221d69f07ebac90a07c5215e9eb180f6e9088"
  dependencies:
    ee-first "1.1.1"

parseurl@~1.3.2:
  version "1.3.2"
  resolved "http://nexus.app.iaf:8081/nexus/repository/onpm/parseurl/-/parseurl-1.3.2.tgz#cb80b7f9bfdd9e0b57389a9ce55ca9c28fe56dba"

path-to-regexp@0.1.7:
  version "0.1.7"
  resolved "http://nexus.app.iaf:8081/nexus/repository/onpm/path-to-regexp/-/path-to-regexp-0.1.7.tgz#65d8c338eeb925819c222870e5da36733f557d3f"

performance-now@^2.1.0:
  version "2.1.0"
  resolved "http://nexus.app.iaf:8081/nexus/repository/onpm/performance-now/-/performance-now-2.1.0.tgz#73576b81305093aa819f6cf5b6772591281382ab"

proxy-addr@~2.0.2:
  version "2.0.2"
  resolved "http://nexus.app.iaf:8081/nexus/repository/onpm/proxy-addr/-/proxy-addr-2.0.2.tgz#d8007aec2b727655b01b8da4011514a04feccfd3"
  dependencies:
    forwarded "~0.1.2"
    ipaddr.js "1.5.2"

punycode@^1.4.1:
  version "1.4.1"
  resolved "http://nexus.app.iaf:8081/nexus/repository/onpm/punycode/-/punycode-1.4.1.tgz#8217114333491276963b433f51a7760dc680869b"

qs@6.5.1, qs@~6.5.1:
  version "6.5.1"
  resolved "http://nexus.app.iaf:8081/nexus/repository/onpm/qs/-/qs-6.5.1.tgz#da0f28ae109d34f8800b3dd0fb1a1a66ce81598c"

range-parser@~1.2.0:
  version "1.2.0"
  resolved "http://nexus.app.iaf:8081/nexus/repository/onpm/range-parser/-/range-parser-1.2.0.tgz#036c58ced12c372d122c9854faf0993e9b7ec3d0"

raw-body@2.3.2:
  version "2.3.2"
  resolved "http://nexus.app.iaf:8081/nexus/repository/onpm/raw-body/-/raw-body-2.3.2.tgz#5d3600f2f663a98bc2c58ecbd36fdb3ce806f316"
  dependencies:
    bytes "3.0.0"
    http-errors "1.6.2"
    iconv-lite "0.4.19"
    unpipe "1.0.0"

request@^2.81.0:
  version "2.83.0"
  resolved "http://nexus.app.iaf:8081/nexus/repository/onpm/request/-/request-2.83.0.tgz#c8de13989522eb94b4208ce47ff80c7f91de46ee"
  dependencies:
    aws-sign2 "~0.7.0"
    aws4 "^1.6.0"
    caseless "~0.12.0"
    combined-stream "~1.0.5"
    extend "~3.0.1"
    forever-agent "~0.6.1"
    form-data "~2.3.1"
    har-validator "~5.0.3"
    hawk "~6.0.2"
    http-signature "~1.2.0"
    is-typedarray "~1.0.0"
    isstream "~0.1.2"
    json-stringify-safe "~5.0.1"
    mime-types "~2.1.17"
    oauth-sign "~0.8.2"
    performance-now "^2.1.0"
    qs "~6.5.1"
    safe-buffer "^5.1.1"
    stringstream "~0.0.5"
    tough-cookie "~2.3.3"
    tunnel-agent "^0.6.0"
    uuid "^3.1.0"

safe-buffer@5.1.1, safe-buffer@^5.0.1, safe-buffer@^5.1.1:
  version "5.1.1"
  resolved "http://nexus.app.iaf:8081/nexus/repository/onpm/safe-buffer/-/safe-buffer-5.1.1.tgz#5891281e95472afee8e060954a733d0b31872dd2"

send@0.16.1:
  version "0.16.1"
  resolved "http://nexus.app.iaf:8081/nexus/repository/onpm/send/-/send-0.16.1.tgz#d4605747c90640471fb8bce68b98c6eab04fb502"
  dependencies:
    debug "2.6.9"
    depd "~1.1.1"
    destroy "~1.0.4"
    encodeurl "~1.0.1"
    escape-html "~1.0.3"
    etag "~1.8.1"
    fresh "0.5.2"
    http-errors "~1.6.2"
    mime "1.4.1"
    ms "2.0.0"
    on-finished "~2.3.0"
    range-parser "~1.2.0"
    statuses "~1.3.1"

serve-static@1.13.1:
  version "1.13.1"
  resolved "http://nexus.app.iaf:8081/nexus/repository/onpm/serve-static/-/serve-static-1.13.1.tgz#94db7f1daa221142b160063523971583ab737a04"
  dependencies:
    encodeurl "~1.0.1"
    escape-html "~1.0.3"
    parseurl "~1.3.2"
    send "0.16.1"

setprototypeof@1.0.3:
  version "1.0.3"
  resolved "http://nexus.app.iaf:8081/nexus/repository/onpm/setprototypeof/-/setprototypeof-1.0.3.tgz#88df3d4d00d7aa1b1d45252132f7291d51ba8f37"

setprototypeof@1.1.0:
  version "1.1.0"
  resolved "http://nexus.app.iaf:8081/nexus/repository/onpm/setprototypeof/-/setprototypeof-1.1.0.tgz#59f4d9ecd5451942e62199595b00fb2958f928ef"

sntp@2.x.x:
  version "2.1.0"
  resolved "http://nexus.app.iaf:8081/nexus/repository/onpm/sntp/-/sntp-2.1.0.tgz#5cdc0ec41ba58726cb750e4542470793e87f2b33"
  dependencies:
    hoek "4.x.x"

sshpk@^1.7.0:
  version "1.13.1"
  resolved "http://nexus.app.iaf:8081/nexus/repository/onpm/sshpk/-/sshpk-1.13.1.tgz#f522af9a04e80b93b907891f5e3846b82b0c92e7"
  dependencies:
    asn1 "~0.2.3"
    assert-plus "^1.0.0"
    dashdash "^1.12.0"
    getpass "^0.1.1"
  optionalDependencies:
    bcrypt-pbkdf "^1.0.0"
    ecc-jsbn "~0.1.1"
    jsbn "~0.1.0"
    tweetnacl "~0.14.0"

"statuses@>= 1.3.1 < 2":
  version "1.4.0"
  resolved "http://nexus.app.iaf:8081/nexus/repository/onpm/statuses/-/statuses-1.4.0.tgz#f030af490aea220d68584c4b14107f2449e34cf6"

statuses@~1.3.1:
  version "1.3.1"
  resolved "http://nexus.app.iaf:8081/nexus/repository/onpm/statuses/-/statuses-1.3.1.tgz#6d7c2da7c2dda21e8149e89b2f61dfd77332df49"

stringstream@~0.0.5:
  version "0.0.5"
  resolved "http://nexus.app.iaf:8081/nexus/repository/onpm/stringstream/-/stringstream-0.0.5.tgz#e121214600bd8ed490800da939a759502e617da4"

tough-cookie@~2.3.3:
  version "2.3.3"
  resolved "http://nexus.app.iaf:8081/nexus/repository/onpm/tough-cookie/-/tough-cookie-2.3.3.tgz#a05b4a06ddc9cb2ada55ed85fe553cd38f9a0ff4"
  dependencies:
    punycode "^1.4.1"

tunnel-agent@^0.6.0:
  version "0.6.0"
  resolved "http://nexus.app.iaf:8081/nexus/repository/onpm/tunnel-agent/-/tunnel-agent-0.6.0.tgz#b99f28bb678d6a8f5e1dbc8ca0465d35b03780c5"
  dependencies:
    safe-buffer "^5.0.1"

tweetnacl@^0.14.3, tweetnacl@~0.14.0:
  version "0.14.5"
  resolved "http://nexus.app.iaf:8081/nexus/repository/onpm/tweetnacl/-/tweetnacl-0.14.5.tgz#511d7add01b992ec0333bfcb42312e699c020702"

type-is@~1.6.15:
  version "1.6.15"
  resolved "http://nexus.app.iaf:8081/nexus/repository/onpm/type-is/-/type-is-1.6.15.tgz#5eeb84392c6c7e87b3cef960772b93ca1a921e62"
  dependencies:
    media-typer "0.3.0"
    mime-types "~2.1.15"

typescript@^2.3.1:
  version "2.6.1"
  resolved "http://nexus.app.iaf:8081/nexus/repository/onpm/typescript/-/typescript-2.6.1.tgz#5172ad8613716f18f11a2602df0c18a09b4781c0"

unpipe@1.0.0, unpipe@~1.0.0:
  version "1.0.0"
  resolved "http://nexus.app.iaf:8081/nexus/repository/onpm/unpipe/-/unpipe-1.0.0.tgz#6ecb86f4223a0b0bb979479444673f99ef4675d2"

utils-merge@1.0.1:
  version "1.0.1"
  resolved "http://nexus.app.iaf:8081/nexus/repository/onpm/utils-merge/-/utils-merge-1.0.1.tgz#5eb6e69e25df355e2c3ef45a0af6dea28070d62a"

uuid@^3.1.0:
  version "3.1.0"
  resolved "http://nexus.app.iaf:8081/nexus/repository/onpm/uuid/-/uuid-3.1.0.tgz#8910f69769c6af7c0fbba06063585944f634a772"

vary@^1, vary@~1.1.2:
  version "1.1.2"
  resolved "http://nexus.app.iaf:8081/nexus/repository/onpm/vary/-/vary-1.1.2.tgz#65158da8ea4f77ff084141567e8ddf223797d6fe"

verror@1.10.0:
  version "1.10.0"
  resolved "http://nexus.app.iaf:8081/nexus/repository/onpm/verror/-/verror-1.10.0.tgz#67bf6232a1555da2821485ce9d1f84d796a202cf"
  dependencies:
    assert-plus "^1.0.0"
    core-util-is "1.0.2"
    extsprintf "^1.2.0"
